// !$*UTF8*$!
{
	archiveVersion = 1;
	classes = {
	};
	objectVersion = 46;
	objects = {

/* Begin PBXBuildFile section */
		981269C41981826D00FB1A84 /* JAHConvertJingle+JAHRTP.m in Sources */ = {isa = PBXBuildFile; fileRef = 981269C31981826D00FB1A84 /* JAHConvertJingle+JAHRTP.m */; };
		98B3556C1980206300B19D18 /* JAHConvertJingle+JAHJingleHelpers.m in Sources */ = {isa = PBXBuildFile; fileRef = 98B3556B1980206300B19D18 /* JAHConvertJingle+JAHJingleHelpers.m */; };
		98EC99B41977369000B6B33E /* Cocoa.framework in Frameworks */ = {isa = PBXBuildFile; fileRef = 98EC99B31977369000B6B33E /* Cocoa.framework */; };
		98EC99BE1977369000B6B33E /* InfoPlist.strings in Resources */ = {isa = PBXBuildFile; fileRef = 98EC99BC1977369000B6B33E /* InfoPlist.strings */; };
		98EC99C01977369000B6B33E /* main.m in Sources */ = {isa = PBXBuildFile; fileRef = 98EC99BF1977369000B6B33E /* main.m */; };
		98EC99C41977369000B6B33E /* Credits.rtf in Resources */ = {isa = PBXBuildFile; fileRef = 98EC99C21977369000B6B33E /* Credits.rtf */; };
		98EC99C71977369000B6B33E /* JAHAppDelegate.m in Sources */ = {isa = PBXBuildFile; fileRef = 98EC99C61977369000B6B33E /* JAHAppDelegate.m */; };
		98EC99CA1977369000B6B33E /* MainMenu.xib in Resources */ = {isa = PBXBuildFile; fileRef = 98EC99C81977369000B6B33E /* MainMenu.xib */; };
		98EC99CC1977369000B6B33E /* Images.xcassets in Resources */ = {isa = PBXBuildFile; fileRef = 98EC99CB1977369000B6B33E /* Images.xcassets */; };
		98EC99D31977369000B6B33E /* XCTest.framework in Frameworks */ = {isa = PBXBuildFile; fileRef = 98EC99D21977369000B6B33E /* XCTest.framework */; };
		98EC99D41977369000B6B33E /* Cocoa.framework in Frameworks */ = {isa = PBXBuildFile; fileRef = 98EC99B31977369000B6B33E /* Cocoa.framework */; };
		98EC99DC1977369000B6B33E /* InfoPlist.strings in Resources */ = {isa = PBXBuildFile; fileRef = 98EC99DA1977369000B6B33E /* InfoPlist.strings */; };
		98EC99DE1977369000B6B33E /* JAHConvertJingleTests.m in Sources */ = {isa = PBXBuildFile; fileRef = 98EC99DD1977369000B6B33E /* JAHConvertJingleTests.m */; };
		98EC99E91977370600B6B33E /* JAHConvertJingle.m in Sources */ = {isa = PBXBuildFile; fileRef = 98EC99E81977370600B6B33E /* JAHConvertJingle.m */; };
		98EC99EC197824DC00B6B33E /* jingle.xml in Resources */ = {isa = PBXBuildFile; fileRef = 98EC99EB197824DC00B6B33E /* jingle.xml */; };
/* End PBXBuildFile section */

/* Begin PBXContainerItemProxy section */
		98EC99D51977369000B6B33E /* PBXContainerItemProxy */ = {
			isa = PBXContainerItemProxy;
			containerPortal = 98EC99A81977369000B6B33E /* Project object */;
			proxyType = 1;
			remoteGlobalIDString = 98EC99AF1977369000B6B33E;
			remoteInfo = JAHConvertJingle;
		};
/* End PBXContainerItemProxy section */

/* Begin PBXFileReference section */
		981269C21981826D00FB1A84 /* JAHConvertJingle+JAHRTP.h */ = {isa = PBXFileReference; fileEncoding = 4; lastKnownFileType = sourcecode.c.h; path = "JAHConvertJingle+JAHRTP.h"; sourceTree = "<group>"; };
		981269C31981826D00FB1A84 /* JAHConvertJingle+JAHRTP.m */ = {isa = PBXFileReference; fileEncoding = 4; lastKnownFileType = sourcecode.c.objc; path = "JAHConvertJingle+JAHRTP.m"; sourceTree = "<group>"; };
		98B3556A1980206300B19D18 /* JAHConvertJingle+JAHJingleHelpers.h */ = {isa = PBXFileReference; fileEncoding = 4; lastKnownFileType = sourcecode.c.h; path = "JAHConvertJingle+JAHJingleHelpers.h"; sourceTree = "<group>"; };
		98B3556B1980206300B19D18 /* JAHConvertJingle+JAHJingleHelpers.m */ = {isa = PBXFileReference; fileEncoding = 4; lastKnownFileType = sourcecode.c.objc; path = "JAHConvertJingle+JAHJingleHelpers.m"; sourceTree = "<group>"; };
		98EC99B01977369000B6B33E /* JAHConvertJingle.app */ = {isa = PBXFileReference; explicitFileType = wrapper.application; includeInIndex = 0; path = JAHConvertJingle.app; sourceTree = BUILT_PRODUCTS_DIR; };
		98EC99B31977369000B6B33E /* Cocoa.framework */ = {isa = PBXFileReference; lastKnownFileType = wrapper.framework; name = Cocoa.framework; path = System/Library/Frameworks/Cocoa.framework; sourceTree = SDKROOT; };
		98EC99B61977369000B6B33E /* AppKit.framework */ = {isa = PBXFileReference; lastKnownFileType = wrapper.framework; name = AppKit.framework; path = System/Library/Frameworks/AppKit.framework; sourceTree = SDKROOT; };
		98EC99B71977369000B6B33E /* CoreData.framework */ = {isa = PBXFileReference; lastKnownFileType = wrapper.framework; name = CoreData.framework; path = System/Library/Frameworks/CoreData.framework; sourceTree = SDKROOT; };
		98EC99B81977369000B6B33E /* Foundation.framework */ = {isa = PBXFileReference; lastKnownFileType = wrapper.framework; name = Foundation.framework; path = System/Library/Frameworks/Foundation.framework; sourceTree = SDKROOT; };
		98EC99BB1977369000B6B33E /* JAHConvertJingle-Info.plist */ = {isa = PBXFileReference; lastKnownFileType = text.plist.xml; path = "JAHConvertJingle-Info.plist"; sourceTree = "<group>"; };
		98EC99BD1977369000B6B33E /* en */ = {isa = PBXFileReference; lastKnownFileType = text.plist.strings; name = en; path = en.lproj/InfoPlist.strings; sourceTree = "<group>"; };
		98EC99BF1977369000B6B33E /* main.m */ = {isa = PBXFileReference; lastKnownFileType = sourcecode.c.objc; path = main.m; sourceTree = "<group>"; };
		98EC99C11977369000B6B33E /* JAHConvertJingle-Prefix.pch */ = {isa = PBXFileReference; lastKnownFileType = sourcecode.c.h; path = "JAHConvertJingle-Prefix.pch"; sourceTree = "<group>"; };
		98EC99C31977369000B6B33E /* en */ = {isa = PBXFileReference; lastKnownFileType = text.rtf; name = en; path = en.lproj/Credits.rtf; sourceTree = "<group>"; };
		98EC99C51977369000B6B33E /* JAHAppDelegate.h */ = {isa = PBXFileReference; lastKnownFileType = sourcecode.c.h; path = JAHAppDelegate.h; sourceTree = "<group>"; };
		98EC99C61977369000B6B33E /* JAHAppDelegate.m */ = {isa = PBXFileReference; lastKnownFileType = sourcecode.c.objc; path = JAHAppDelegate.m; sourceTree = "<group>"; };
		98EC99C91977369000B6B33E /* Base */ = {isa = PBXFileReference; lastKnownFileType = file.xib; name = Base; path = Base.lproj/MainMenu.xib; sourceTree = "<group>"; };
		98EC99CB1977369000B6B33E /* Images.xcassets */ = {isa = PBXFileReference; lastKnownFileType = folder.assetcatalog; path = Images.xcassets; sourceTree = "<group>"; };
		98EC99D11977369000B6B33E /* JAHConvertJingleTests.xctest */ = {isa = PBXFileReference; explicitFileType = wrapper.cfbundle; includeInIndex = 0; path = JAHConvertJingleTests.xctest; sourceTree = BUILT_PRODUCTS_DIR; };
		98EC99D21977369000B6B33E /* XCTest.framework */ = {isa = PBXFileReference; lastKnownFileType = wrapper.framework; name = XCTest.framework; path = Library/Frameworks/XCTest.framework; sourceTree = DEVELOPER_DIR; };
		98EC99D91977369000B6B33E /* JAHConvertJingleTests-Info.plist */ = {isa = PBXFileReference; lastKnownFileType = text.plist.xml; path = "JAHConvertJingleTests-Info.plist"; sourceTree = "<group>"; };
		98EC99DB1977369000B6B33E /* en */ = {isa = PBXFileReference; lastKnownFileType = text.plist.strings; name = en; path = en.lproj/InfoPlist.strings; sourceTree = "<group>"; };
		98EC99DD1977369000B6B33E /* JAHConvertJingleTests.m */ = {isa = PBXFileReference; lastKnownFileType = sourcecode.c.objc; path = JAHConvertJingleTests.m; sourceTree = "<group>"; };
		98EC99E71977370600B6B33E /* JAHConvertJingle.h */ = {isa = PBXFileReference; fileEncoding = 4; lastKnownFileType = sourcecode.c.h; path = JAHConvertJingle.h; sourceTree = "<group>"; };
		98EC99E81977370600B6B33E /* JAHConvertJingle.m */ = {isa = PBXFileReference; fileEncoding = 4; lastKnownFileType = sourcecode.c.objc; path = JAHConvertJingle.m; sourceTree = "<group>"; };
		98EC99EB197824DC00B6B33E /* jingle.xml */ = {isa = PBXFileReference; fileEncoding = 4; lastKnownFileType = text.xml; name = jingle.xml; path = data/jingle.xml; sourceTree = "<group>"; };
/* End PBXFileReference section */

/* Begin PBXFrameworksBuildPhase section */
		98EC99AD1977369000B6B33E /* Frameworks */ = {
			isa = PBXFrameworksBuildPhase;
			buildActionMask = 2147483647;
			files = (
				98EC99B41977369000B6B33E /* Cocoa.framework in Frameworks */,
			);
			runOnlyForDeploymentPostprocessing = 0;
		};
		98EC99CE1977369000B6B33E /* Frameworks */ = {
			isa = PBXFrameworksBuildPhase;
			buildActionMask = 2147483647;
			files = (
				98EC99D41977369000B6B33E /* Cocoa.framework in Frameworks */,
				98EC99D31977369000B6B33E /* XCTest.framework in Frameworks */,
			);
			runOnlyForDeploymentPostprocessing = 0;
		};
/* End PBXFrameworksBuildPhase section */

/* Begin PBXGroup section */
		98EC99A71977369000B6B33E = {
			isa = PBXGroup;
			children = (
				98EC99B91977369000B6B33E /* JAHConvertJingle */,
				98EC99D71977369000B6B33E /* JAHConvertJingleTests */,
				98EC99B21977369000B6B33E /* Frameworks */,
				98EC99B11977369000B6B33E /* Products */,
			);
			sourceTree = "<group>";
		};
		98EC99B11977369000B6B33E /* Products */ = {
			isa = PBXGroup;
			children = (
				98EC99B01977369000B6B33E /* JAHConvertJingle.app */,
				98EC99D11977369000B6B33E /* JAHConvertJingleTests.xctest */,
			);
			name = Products;
			sourceTree = "<group>";
		};
		98EC99B21977369000B6B33E /* Frameworks */ = {
			isa = PBXGroup;
			children = (
				98EC99B31977369000B6B33E /* Cocoa.framework */,
				98EC99D21977369000B6B33E /* XCTest.framework */,
				98EC99B51977369000B6B33E /* Other Frameworks */,
			);
			name = Frameworks;
			sourceTree = "<group>";
		};
		98EC99B51977369000B6B33E /* Other Frameworks */ = {
			isa = PBXGroup;
			children = (
				98EC99B61977369000B6B33E /* AppKit.framework */,
				98EC99B71977369000B6B33E /* CoreData.framework */,
				98EC99B81977369000B6B33E /* Foundation.framework */,
			);
			name = "Other Frameworks";
			sourceTree = "<group>";
		};
		98EC99B91977369000B6B33E /* JAHConvertJingle */ = {
			isa = PBXGroup;
			children = (
				98EC99C51977369000B6B33E /* JAHAppDelegate.h */,
				98EC99C61977369000B6B33E /* JAHAppDelegate.m */,
				98EC99C81977369000B6B33E /* MainMenu.xib */,
				98EC99CB1977369000B6B33E /* Images.xcassets */,
				98EC99E71977370600B6B33E /* JAHConvertJingle.h */,
				98EC99E81977370600B6B33E /* JAHConvertJingle.m */,
				98B3556A1980206300B19D18 /* JAHConvertJingle+JAHJingleHelpers.h */,
				98B3556B1980206300B19D18 /* JAHConvertJingle+JAHJingleHelpers.m */,
				981269C21981826D00FB1A84 /* JAHConvertJingle+JAHRTP.h */,
				981269C31981826D00FB1A84 /* JAHConvertJingle+JAHRTP.m */,
				98EC99BA1977369000B6B33E /* Supporting Files */,
			);
			path = JAHConvertJingle;
			sourceTree = "<group>";
		};
		98EC99BA1977369000B6B33E /* Supporting Files */ = {
			isa = PBXGroup;
			children = (
				98EC99BB1977369000B6B33E /* JAHConvertJingle-Info.plist */,
				98EC99BC1977369000B6B33E /* InfoPlist.strings */,
				98EC99BF1977369000B6B33E /* main.m */,
				98EC99C11977369000B6B33E /* JAHConvertJingle-Prefix.pch */,
				98EC99C21977369000B6B33E /* Credits.rtf */,
			);
			name = "Supporting Files";
			sourceTree = "<group>";
		};
		98EC99D71977369000B6B33E /* JAHConvertJingleTests */ = {
			isa = PBXGroup;
			children = (
				98EC99DD1977369000B6B33E /* JAHConvertJingleTests.m */,
				98EC99D81977369000B6B33E /* Supporting Files */,
			);
			path = JAHConvertJingleTests;
			sourceTree = "<group>";
		};
		98EC99D81977369000B6B33E /* Supporting Files */ = {
			isa = PBXGroup;
			children = (
				98EC99EA197824B600B6B33E /* data */,
				98EC99D91977369000B6B33E /* JAHConvertJingleTests-Info.plist */,
				98EC99DA1977369000B6B33E /* InfoPlist.strings */,
			);
			name = "Supporting Files";
			sourceTree = "<group>";
		};
		98EC99EA197824B600B6B33E /* data */ = {
			isa = PBXGroup;
			children = (
				98EC99EB197824DC00B6B33E /* jingle.xml */,
			);
			name = data;
			sourceTree = "<group>";
		};
/* End PBXGroup section */

/* Begin PBXNativeTarget section */
		98EC99AF1977369000B6B33E /* JAHConvertJingle */ = {
			isa = PBXNativeTarget;
			buildConfigurationList = 98EC99E11977369000B6B33E /* Build configuration list for PBXNativeTarget "JAHConvertJingle" */;
			buildPhases = (
				98EC99AC1977369000B6B33E /* Sources */,
				98EC99AD1977369000B6B33E /* Frameworks */,
				98EC99AE1977369000B6B33E /* Resources */,
			);
			buildRules = (
			);
			dependencies = (
			);
			name = JAHConvertJingle;
			productName = JAHConvertJingle;
			productReference = 98EC99B01977369000B6B33E /* JAHConvertJingle.app */;
			productType = "com.apple.product-type.application";
		};
		98EC99D01977369000B6B33E /* JAHConvertJingleTests */ = {
			isa = PBXNativeTarget;
			buildConfigurationList = 98EC99E41977369000B6B33E /* Build configuration list for PBXNativeTarget "JAHConvertJingleTests" */;
			buildPhases = (
				98EC99CD1977369000B6B33E /* Sources */,
				98EC99CE1977369000B6B33E /* Frameworks */,
				98EC99CF1977369000B6B33E /* Resources */,
			);
			buildRules = (
			);
			dependencies = (
				98EC99D61977369000B6B33E /* PBXTargetDependency */,
			);
			name = JAHConvertJingleTests;
			productName = JAHConvertJingleTests;
			productReference = 98EC99D11977369000B6B33E /* JAHConvertJingleTests.xctest */;
			productType = "com.apple.product-type.bundle.unit-test";
		};
/* End PBXNativeTarget section */

/* Begin PBXProject section */
		98EC99A81977369000B6B33E /* Project object */ = {
			isa = PBXProject;
			attributes = {
				CLASSPREFIX = JAH;
				LastUpgradeCheck = 0510;
				ORGANIZATIONNAME = "Jon Hjelle";
				TargetAttributes = {
					98EC99D01977369000B6B33E = {
						TestTargetID = 98EC99AF1977369000B6B33E;
					};
				};
			};
			buildConfigurationList = 98EC99AB1977369000B6B33E /* Build configuration list for PBXProject "JAHConvertJingle" */;
			compatibilityVersion = "Xcode 3.2";
			developmentRegion = English;
			hasScannedForEncodings = 0;
			knownRegions = (
				en,
				Base,
			);
			mainGroup = 98EC99A71977369000B6B33E;
			productRefGroup = 98EC99B11977369000B6B33E /* Products */;
			projectDirPath = "";
			projectRoot = "";
			targets = (
				98EC99AF1977369000B6B33E /* JAHConvertJingle */,
				98EC99D01977369000B6B33E /* JAHConvertJingleTests */,
			);
		};
/* End PBXProject section */

/* Begin PBXResourcesBuildPhase section */
		98EC99AE1977369000B6B33E /* Resources */ = {
			isa = PBXResourcesBuildPhase;
			buildActionMask = 2147483647;
			files = (
				98EC99BE1977369000B6B33E /* InfoPlist.strings in Resources */,
				98EC99CC1977369000B6B33E /* Images.xcassets in Resources */,
				98EC99C41977369000B6B33E /* Credits.rtf in Resources */,
				98EC99CA1977369000B6B33E /* MainMenu.xib in Resources */,
			);
			runOnlyForDeploymentPostprocessing = 0;
		};
		98EC99CF1977369000B6B33E /* Resources */ = {
			isa = PBXResourcesBuildPhase;
			buildActionMask = 2147483647;
			files = (
				98EC99EC197824DC00B6B33E /* jingle.xml in Resources */,
				98EC99DC1977369000B6B33E /* InfoPlist.strings in Resources */,
			);
			runOnlyForDeploymentPostprocessing = 0;
		};
/* End PBXResourcesBuildPhase section */

/* Begin PBXSourcesBuildPhase section */
		98EC99AC1977369000B6B33E /* Sources */ = {
			isa = PBXSourcesBuildPhase;
			buildActionMask = 2147483647;
			files = (
				98B3556C1980206300B19D18 /* JAHConvertJingle+JAHJingleHelpers.m in Sources */,
				98EC99C71977369000B6B33E /* JAHAppDelegate.m in Sources */,
				981269C41981826D00FB1A84 /* JAHConvertJingle+JAHRTP.m in Sources */,
				98EC99E91977370600B6B33E /* JAHConvertJingle.m in Sources */,
				98EC99C01977369000B6B33E /* main.m in Sources */,
			);
			runOnlyForDeploymentPostprocessing = 0;
		};
		98EC99CD1977369000B6B33E /* Sources */ = {
			isa = PBXSourcesBuildPhase;
			buildActionMask = 2147483647;
			files = (
				98EC99DE1977369000B6B33E /* JAHConvertJingleTests.m in Sources */,
			);
			runOnlyForDeploymentPostprocessing = 0;
		};
/* End PBXSourcesBuildPhase section */

/* Begin PBXTargetDependency section */
		98EC99D61977369000B6B33E /* PBXTargetDependency */ = {
			isa = PBXTargetDependency;
			target = 98EC99AF1977369000B6B33E /* JAHConvertJingle */;
			targetProxy = 98EC99D51977369000B6B33E /* PBXContainerItemProxy */;
		};
/* End PBXTargetDependency section */

/* Begin PBXVariantGroup section */
		98EC99BC1977369000B6B33E /* InfoPlist.strings */ = {
			isa = PBXVariantGroup;
			children = (
				98EC99BD1977369000B6B33E /* en */,
			);
			name = InfoPlist.strings;
			sourceTree = "<group>";
		};
		98EC99C21977369000B6B33E /* Credits.rtf */ = {
			isa = PBXVariantGroup;
			children = (
				98EC99C31977369000B6B33E /* en */,
			);
			name = Credits.rtf;
			sourceTree = "<group>";
		};
		98EC99C81977369000B6B33E /* MainMenu.xib */ = {
			isa = PBXVariantGroup;
			children = (
				98EC99C91977369000B6B33E /* Base */,
			);
			name = MainMenu.xib;
			sourceTree = "<group>";
		};
		98EC99DA1977369000B6B33E /* InfoPlist.strings */ = {
			isa = PBXVariantGroup;
			children = (
				98EC99DB1977369000B6B33E /* en */,
			);
			name = InfoPlist.strings;
			sourceTree = "<group>";
		};
/* End PBXVariantGroup section */

/* Begin XCBuildConfiguration section */
		98EC99DF1977369000B6B33E /* Debug */ = {
			isa = XCBuildConfiguration;
			buildSettings = {
				ALWAYS_SEARCH_USER_PATHS = NO;
				CLANG_CXX_LANGUAGE_STANDARD = "gnu++0x";
				CLANG_CXX_LIBRARY = "libc++";
				CLANG_ENABLE_MODULES = YES;
				CLANG_ENABLE_OBJC_ARC = YES;
				CLANG_WARN_BOOL_CONVERSION = YES;
				CLANG_WARN_CONSTANT_CONVERSION = YES;
				CLANG_WARN_DIRECT_OBJC_ISA_USAGE = YES_ERROR;
				CLANG_WARN_EMPTY_BODY = YES;
				CLANG_WARN_ENUM_CONVERSION = YES;
				CLANG_WARN_INT_CONVERSION = YES;
				CLANG_WARN_OBJC_ROOT_CLASS = YES_ERROR;
				CLANG_WARN__DUPLICATE_METHOD_MATCH = YES;
				COPY_PHASE_STRIP = NO;
				GCC_C_LANGUAGE_STANDARD = gnu99;
				GCC_DYNAMIC_NO_PIC = NO;
				GCC_ENABLE_OBJC_EXCEPTIONS = YES;
				GCC_OPTIMIZATION_LEVEL = 0;
				GCC_PREPROCESSOR_DEFINITIONS = (
					"DEBUG=1",
					"$(inherited)",
				);
				GCC_SYMBOLS_PRIVATE_EXTERN = NO;
				GCC_WARN_64_TO_32_BIT_CONVERSION = YES;
				GCC_WARN_ABOUT_RETURN_TYPE = YES_ERROR;
				GCC_WARN_UNDECLARED_SELECTOR = YES;
				GCC_WARN_UNINITIALIZED_AUTOS = YES_AGGRESSIVE;
				GCC_WARN_UNUSED_FUNCTION = YES;
				GCC_WARN_UNUSED_VARIABLE = YES;
				MACOSX_DEPLOYMENT_TARGET = 10.9;
				ONLY_ACTIVE_ARCH = YES;
				SDKROOT = macosx;
			};
			name = Debug;
		};
		98EC99E01977369000B6B33E /* Release */ = {
			isa = XCBuildConfiguration;
			buildSettings = {
				ALWAYS_SEARCH_USER_PATHS = NO;
				CLANG_CXX_LANGUAGE_STANDARD = "gnu++0x";
				CLANG_CXX_LIBRARY = "libc++";
				CLANG_ENABLE_MODULES = YES;
				CLANG_ENABLE_OBJC_ARC = YES;
				CLANG_WARN_BOOL_CONVERSION = YES;
				CLANG_WARN_CONSTANT_CONVERSION = YES;
				CLANG_WARN_DIRECT_OBJC_ISA_USAGE = YES_ERROR;
				CLANG_WARN_EMPTY_BODY = YES;
				CLANG_WARN_ENUM_CONVERSION = YES;
				CLANG_WARN_INT_CONVERSION = YES;
				CLANG_WARN_OBJC_ROOT_CLASS = YES_ERROR;
				CLANG_WARN__DUPLICATE_METHOD_MATCH = YES;
				COPY_PHASE_STRIP = YES;
				DEBUG_INFORMATION_FORMAT = "dwarf-with-dsym";
				ENABLE_NS_ASSERTIONS = NO;
				GCC_C_LANGUAGE_STANDARD = gnu99;
				GCC_ENABLE_OBJC_EXCEPTIONS = YES;
				GCC_WARN_64_TO_32_BIT_CONVERSION = YES;
				GCC_WARN_ABOUT_RETURN_TYPE = YES_ERROR;
				GCC_WARN_UNDECLARED_SELECTOR = YES;
				GCC_WARN_UNINITIALIZED_AUTOS = YES_AGGRESSIVE;
				GCC_WARN_UNUSED_FUNCTION = YES;
				GCC_WARN_UNUSED_VARIABLE = YES;
				MACOSX_DEPLOYMENT_TARGET = 10.9;
				SDKROOT = macosx;
			};
			name = Release;
		};
		98EC99E21977369000B6B33E /* Debug */ = {
			isa = XCBuildConfiguration;
			buildSettings = {
				ASSETCATALOG_COMPILER_APPICON_NAME = AppIcon;
				COMBINE_HIDPI_IMAGES = YES;
				GCC_PRECOMPILE_PREFIX_HEADER = YES;
				GCC_PREFIX_HEADER = "JAHConvertJingle/JAHConvertJingle-Prefix.pch";
				INFOPLIST_FILE = "JAHConvertJingle/JAHConvertJingle-Info.plist";
				PRODUCT_NAME = "$(TARGET_NAME)";
				WRAPPER_EXTENSION = app;
			};
			name = Debug;
		};
		98EC99E31977369000B6B33E /* Release */ = {
			isa = XCBuildConfiguration;
			buildSettings = {
				ASSETCATALOG_COMPILER_APPICON_NAME = AppIcon;
				COMBINE_HIDPI_IMAGES = YES;
				GCC_PRECOMPILE_PREFIX_HEADER = YES;
				GCC_PREFIX_HEADER = "JAHConvertJingle/JAHConvertJingle-Prefix.pch";
				INFOPLIST_FILE = "JAHConvertJingle/JAHConvertJingle-Info.plist";
				PRODUCT_NAME = "$(TARGET_NAME)";
				WRAPPER_EXTENSION = app;
			};
			name = Release;
		};
		98EC99E51977369000B6B33E /* Debug */ = {
			isa = XCBuildConfiguration;
			buildSettings = {
				BUNDLE_LOADER = "$(BUILT_PRODUCTS_DIR)/JAHConvertJingle.app/Contents/MacOS/JAHConvertJingle";
				COMBINE_HIDPI_IMAGES = YES;
				FRAMEWORK_SEARCH_PATHS = (
					"$(DEVELOPER_FRAMEWORKS_DIR)",
					"$(inherited)",
				);
				GCC_PRECOMPILE_PREFIX_HEADER = YES;
				GCC_PREFIX_HEADER = "JAHConvertJingle/JAHConvertJingle-Prefix.pch";
				GCC_PREPROCESSOR_DEFINITIONS = (
					"DEBUG=1",
					"$(inherited)",
				);
				INFOPLIST_FILE = "JAHConvertJingleTests/JAHConvertJingleTests-Info.plist";
				PRODUCT_NAME = "$(TARGET_NAME)";
				TEST_HOST = "$(BUNDLE_LOADER)";
				WRAPPER_EXTENSION = xctest;
			};
			name = Debug;
		};
		98EC99E61977369000B6B33E /* Release */ = {
			isa = XCBuildConfiguration;
			buildSettings = {
				BUNDLE_LOADER = "$(BUILT_PRODUCTS_DIR)/JAHConvertJingle.app/Contents/MacOS/JAHConvertJingle";
				COMBINE_HIDPI_IMAGES = YES;
				FRAMEWORK_SEARCH_PATHS = (
					"$(DEVELOPER_FRAMEWORKS_DIR)",
					"$(inherited)",
				);
				GCC_PRECOMPILE_PREFIX_HEADER = YES;
				GCC_PREFIX_HEADER = "JAHConvertJingle/JAHConvertJingle-Prefix.pch";
				INFOPLIST_FILE = "JAHConvertJingleTests/JAHConvertJingleTests-Info.plist";
				PRODUCT_NAME = "$(TARGET_NAME)";
				TEST_HOST = "$(BUNDLE_LOADER)";
				WRAPPER_EXTENSION = xctest;
			};
			name = Release;
		};
/* End XCBuildConfiguration section */

/* Begin XCConfigurationList section */
		98EC99AB1977369000B6B33E /* Build configuration list for PBXProject "JAHConvertJingle" */ = {
			isa = XCConfigurationList;
			buildConfigurations = (
				98EC99DF1977369000B6B33E /* Debug */,
				98EC99E01977369000B6B33E /* Release */,
			);
			defaultConfigurationIsVisible = 0;
			defaultConfigurationName = Release;
		};
		98EC99E11977369000B6B33E /* Build configuration list for PBXNativeTarget "JAHConvertJingle" */ = {
			isa = XCConfigurationList;
			buildConfigurations = (
				98EC99E21977369000B6B33E /* Debug */,
				98EC99E31977369000B6B33E /* Release */,
			);
			defaultConfigurationIsVisible = 0;
			defaultConfigurationName = Release;
		};
		98EC99E41977369000B6B33E /* Build configuration list for PBXNativeTarget "JAHConvertJingleTests" */ = {
			isa = XCConfigurationList;
			buildConfigurations = (
				98EC99E51977369000B6B33E /* Debug */,
				98EC99E61977369000B6B33E /* Release */,
			);
			defaultConfigurationIsVisible = 0;
			defaultConfigurationName = Release;
		};
/* End XCConfigurationList section */
	};
	rootObject = 98EC99A81977369000B6B33E /* Project object */;
}
